
Microsoft Visual Studio Solution File, Format Version 12.00
# Visual Studio 15
VisualStudioVersion = 15.0.27130.2010
MinimumVisualStudioVersion = 10.0.40219.1
Project("{2150E333-8FDC-42A3-9474-1A3956D46DE8}") = "Solution Items", "Solution Items", "{6C619B4F-100F-4D60-BEF1-60B770D24E5E}"
	ProjectSection(SolutionItems) = preProject
		.gitattributes = .gitattributes
		.gitignore = .gitignore
		CHANGELOG.md = CHANGELOG.md
		LICENSE.md = LICENSE.md
		Support.txt = Support.txt
	EndProjectSection
EndProject
Project("{2150E333-8FDC-42A3-9474-1A3956D46DE8}") = "assets", "assets", "{8DC8730A-F254-4848-B272-BDFFCB5FDC00}"
	ProjectSection(SolutionItems) = preProject
		tests\assets\2_MB-W.ppt = tests\assets\2_MB-W.ppt
		tests\assets\_thumbs_bug_24.db = tests\assets\_thumbs_bug_24.db
		tests\assets\BUG_16_.xls = tests\assets\BUG_16_.xls
		tests\assets\CorruptedDoc_bug3547815.doc = tests\assets\CorruptedDoc_bug3547815.doc
		tests\assets\CorruptedDoc_bug3547815_B.doc = tests\assets\CorruptedDoc_bug3547815_B.doc
		tests\assets\CyclicFAT.cfs = tests\assets\CyclicFAT.cfs
		tests\assets\MultipleStorage.cfs = tests\assets\MultipleStorage.cfs
		tests\assets\MultipleStorage2.cfs = tests\assets\MultipleStorage2.cfs
		tests\assets\MultipleStorage3.cfs = tests\assets\MultipleStorage3.cfs
		tests\assets\MultipleStorage4.cfs = tests\assets\MultipleStorage4.cfs
		tests\assets\report.xls = tests\assets\report.xls
		tests\assets\report_name_fix.xls = tests\assets\report_name_fix.xls
		tests\assets\reportREAD.xls = tests\assets\reportREAD.xls
		tests\assets\testbad.ole = tests\assets\testbad.ole
	EndProjectSection
EndProject
Project("{FAE04EC0-301F-11D3-BF4B-00C04F79EFBC}") = "OpenMcdf", "src\net40\OpenMcdf\OpenMcdf.csproj", "{56E15D4A-8A37-4C7C-BB44-FD59AFF220C1}"
EndProject
Project("{2150E333-8FDC-42A3-9474-1A3956D46DE8}") = "tests", "tests", "{73814657-FC73-4066-AABD-86062F2A132E}"
EndProject
Project("{FAE04EC0-301F-11D3-BF4B-00C04F79EFBC}") = "OpenMcdf.PerfTest", "tests\OpenMcdf.PerfTest\OpenMcdf.PerfTest.csproj", "{E2BAD82D-3040-462B-BAA2-6E608A9054F4}"
EndProject
Project("{FAE04EC0-301F-11D3-BF4B-00C04F79EFBC}") = "OpenMcdf.Test", "tests\OpenMcdf.Test\OpenMcdf.Test.csproj", "{FD339266-8842-40B4-9230-F8E84FC42AC2}"
EndProject
Project("{D954291E-2A0B-460D-934E-DC6B0785DB48}") = "OpenMcdf", "src\shared\OpenMcdf\OpenMcdf.shproj", "{E8C5B9B6-6AA3-4284-A4CF-0F2F788B8360}"
EndProject
Project("{9A19103F-16F7-4668-BE54-9A1E7A4F7556}") = "OpenMcdf", "src\netstandard20\OpenMcdf\OpenMcdf.csproj", "{3FC91B43-E065-4479-8C4A-1C8EA6411BD4}"
EndProject
Project("{2150E333-8FDC-42A3-9474-1A3956D46DE8}") = "netstandard", "netstandard", "{29569C63-54A4-4942-B00F-72E10B3D9BC8}"
EndProject
Project("{2150E333-8FDC-42A3-9474-1A3956D46DE8}") = "net40", "net40", "{99956FD6-A1B3-4228-A689-37459E8877F2}"
EndProject
Global
	GlobalSection(SharedMSBuildProjectFiles) = preSolution
		src\shared\OpenMcdf\OpenMcdf.projitems*{56e15d4a-8a37-4c7c-bb44-fd59aff220c1}*SharedItemsImports = 4
		src\shared\OpenMcdf\OpenMcdf.projitems*{e8c5b9b6-6aa3-4284-a4cf-0f2f788b8360}*SharedItemsImports = 13
	EndGlobalSection
	GlobalSection(SolutionConfigurationPlatforms) = preSolution
		Debug|Any CPU = Debug|Any CPU
		Release|Any CPU = Release|Any CPU
	EndGlobalSection
	GlobalSection(ProjectConfigurationPlatforms) = postSolution
		{56E15D4A-8A37-4C7C-BB44-FD59AFF220C1}.Debug|Any CPU.ActiveCfg = Debug|Any CPU
		{56E15D4A-8A37-4C7C-BB44-FD59AFF220C1}.Debug|Any CPU.Build.0 = Debug|Any CPU
		{56E15D4A-8A37-4C7C-BB44-FD59AFF220C1}.Release|Any CPU.ActiveCfg = Release|Any CPU
		{56E15D4A-8A37-4C7C-BB44-FD59AFF220C1}.Release|Any CPU.Build.0 = Release|Any CPU
		{E2BAD82D-3040-462B-BAA2-6E608A9054F4}.Debug|Any CPU.ActiveCfg = Debug|Any CPU
		{E2BAD82D-3040-462B-BAA2-6E608A9054F4}.Debug|Any CPU.Build.0 = Debug|Any CPU
		{E2BAD82D-3040-462B-BAA2-6E608A9054F4}.Release|Any CPU.ActiveCfg = Release|Any CPU
		{E2BAD82D-3040-462B-BAA2-6E608A9054F4}.Release|Any CPU.Build.0 = Release|Any CPU
		{FD339266-8842-40B4-9230-F8E84FC42AC2}.Debug|Any CPU.ActiveCfg = Debug|Any CPU
		{FD339266-8842-40B4-9230-F8E84FC42AC2}.Debug|Any CPU.Build.0 = Debug|Any CPU
		{FD339266-8842-40B4-9230-F8E84FC42AC2}.Release|Any CPU.ActiveCfg = Release|Any CPU
		{FD339266-8842-40B4-9230-F8E84FC42AC2}.Release|Any CPU.Build.0 = Release|Any CPU
		{3FC91B43-E065-4479-8C4A-1C8EA6411BD4}.Debug|Any CPU.ActiveCfg = Debug|Any CPU
		{3FC91B43-E065-4479-8C4A-1C8EA6411BD4}.Debug|Any CPU.Build.0 = Debug|Any CPU
		{3FC91B43-E065-4479-8C4A-1C8EA6411BD4}.Release|Any CPU.ActiveCfg = Release|Any CPU
		{3FC91B43-E065-4479-8C4A-1C8EA6411BD4}.Release|Any CPU.Build.0 = Release|Any CPU
	EndGlobalSection
	GlobalSection(SolutionProperties) = preSolution
		HideSolutionNode = FALSE
	EndGlobalSection
	GlobalSection(NestedProjects) = preSolution
		{8DC8730A-F254-4848-B272-BDFFCB5FDC00} = {73814657-FC73-4066-AABD-86062F2A132E}
		{56E15D4A-8A37-4C7C-BB44-FD59AFF220C1} = {99956FD6-A1B3-4228-A689-37459E8877F2}
		{E2BAD82D-3040-462B-BAA2-6E608A9054F4} = {73814657-FC73-4066-AABD-86062F2A132E}
		{FD339266-8842-40B4-9230-F8E84FC42AC2} = {73814657-FC73-4066-AABD-86062F2A132E}
		{3FC91B43-E065-4479-8C4A-1C8EA6411BD4} = {29569C63-54A4-4942-B00F-72E10B3D9BC8}
	EndGlobalSection
	GlobalSection(ExtensibilityGlobals) = postSolution
		SolutionGuid = {C391C94D-1FBE-4F24-9E09-AB72A6FE9F7B}
	EndGlobalSection
	GlobalSection(TestCaseManagementSettings) = postSolution
		CategoryFile = OpenMcdf2.vsmdi
	EndGlobalSection
EndGlobal
